// !$*UTF8*$!
{
	archiveVersion = 1;
	classes = {
	};
	objectVersion = 50;
	objects = {

/* Begin PBXBuildFile section */
		A653634B24C6F25D008D8278 /* AppDelegate.swift in Sources */ = {isa = PBXBuildFile; fileRef = A653634A24C6F25D008D8278 /* AppDelegate.swift */; };
		A653634D24C6F25D008D8278 /* SceneDelegate.swift in Sources */ = {isa = PBXBuildFile; fileRef = A653634C24C6F25D008D8278 /* SceneDelegate.swift */; };
		A653634F24C6F25D008D8278 /* ContentView.swift in Sources */ = {isa = PBXBuildFile; fileRef = A653634E24C6F25D008D8278 /* ContentView.swift */; };
		A653635124C6F260008D8278 /* Assets.xcassets in Resources */ = {isa = PBXBuildFile; fileRef = A653635024C6F260008D8278 /* Assets.xcassets */; };
		A653635424C6F260008D8278 /* Preview Assets.xcassets in Resources */ = {isa = PBXBuildFile; fileRef = A653635324C6F260008D8278 /* Preview Assets.xcassets */; };
		A653635724C6F260008D8278 /* LaunchScreen.storyboard in Resources */ = {isa = PBXBuildFile; fileRef = A653635524C6F260008D8278 /* LaunchScreen.storyboard */; };
		A653635F24C6F6C0008D8278 /* ColorCircle.swift in Sources */ = {isa = PBXBuildFile; fileRef = A653635E24C6F6C0008D8278 /* ColorCircle.swift */; };
		A653636124C70121008D8278 /* RoundedButton.swift in Sources */ = {isa = PBXBuildFile; fileRef = A653636024C70121008D8278 /* RoundedButton.swift */; };
/* End PBXBuildFile section */

/* Begin PBXFileReference section */
		A653634724C6F25D008D8278 /* HomeWork3.1.app */ = {isa = PBXFileReference; explicitFileType = wrapper.application; includeInIndex = 0; path = HomeWork3.1.app; sourceTree = BUILT_PRODUCTS_DIR; };
		A653634A24C6F25D008D8278 /* AppDelegate.swift */ = {isa = PBXFileReference; lastKnownFileType = sourcecode.swift; path = AppDelegate.swift; sourceTree = "<group>"; };
		A653634C24C6F25D008D8278 /* SceneDelegate.swift */ = {isa = PBXFileReference; lastKnownFileType = sourcecode.swift; path = SceneDelegate.swift; sourceTree = "<group>"; };
		A653634E24C6F25D008D8278 /* ContentView.swift */ = {isa = PBXFileReference; lastKnownFileType = sourcecode.swift; path = ContentView.swift; sourceTree = "<group>"; };
		A653635024C6F260008D8278 /* Assets.xcassets */ = {isa = PBXFileReference; lastKnownFileType = folder.assetcatalog; path = Assets.xcassets; sourceTree = "<group>"; };
		A653635324C6F260008D8278 /* Preview Assets.xcassets */ = {isa = PBXFileReference; lastKnownFileType = folder.assetcatalog; path = "Preview Assets.xcassets"; sourceTree = "<group>"; };
		A653635624C6F260008D8278 /* Base */ = {isa = PBXFileReference; lastKnownFileType = file.storyboard; name = Base; path = Base.lproj/LaunchScreen.storyboard; sourceTree = "<group>"; };
		A653635824C6F260008D8278 /* Info.plist */ = {isa = PBXFileReference; lastKnownFileType = text.plist.xml; path = Info.plist; sourceTree = "<group>"; };
		A653635E24C6F6C0008D8278 /* ColorCircle.swift */ = {isa = PBXFileReference; lastKnownFileType = sourcecode.swift; path = ColorCircle.swift; sourceTree = "<group>"; };
		A653636024C70121008D8278 /* RoundedButton.swift */ = {isa = PBXFileReference; lastKnownFileType = sourcecode.swift; path = RoundedButton.swift; sourceTree = "<group>"; };
/* End PBXFileReference section */

/* Begin PBXFrameworksBuildPhase section */
		A653634424C6F25D008D8278 /* Frameworks */ = {
			isa = PBXFrameworksBuildPhase;
			buildActionMask = 2147483647;
			files = (
			);
			runOnlyForDeploymentPostprocessing = 0;
		};
/* End PBXFrameworksBuildPhase section */

/* Begin PBXGroup section */
		A653633E24C6F25D008D8278 = {
			isa = PBXGroup;
			children = (
				A653634924C6F25D008D8278 /* HomeWork3.1 */,
				A653634824C6F25D008D8278 /* Products */,
			);
			sourceTree = "<group>";
		};
		A653634824C6F25D008D8278 /* Products */ = {
			isa = PBXGroup;
			children = (
				A653634724C6F25D008D8278 /* HomeWork3.1.app */,
			);
			name = Products;
			sourceTree = "<group>";
		};
		A653634924C6F25D008D8278 /* HomeWork3.1 */ = {
			isa = PBXGroup;
			children = (
				A653634A24C6F25D008D8278 /* AppDelegate.swift */,
				A653634C24C6F25D008D8278 /* SceneDelegate.swift */,
				A653634E24C6F25D008D8278 /* ContentView.swift */,
				A653635E24C6F6C0008D8278 /* ColorCircle.swift */,
				A653636024C70121008D8278 /* RoundedButton.swift */,
				A653635024C6F260008D8278 /* Assets.xcassets */,
				A653635524C6F260008D8278 /* LaunchScreen.storyboard */,
				A653635824C6F260008D8278 /* Info.plist */,
				A653635224C6F260008D8278 /* Preview Content */,
			);
			path = HomeWork3.1;
			sourceTree = "<group>";
		};
		A653635224C6F260008D8278 /* Preview Content */ = {
			isa = PBXGroup;
			children = (
				A653635324C6F260008D8278 /* Preview Assets.xcassets */,
			);
			path = "Preview Content";
			sourceTree = "<group>";
		};
/* End PBXGroup section */

/* Begin PBXNativeTarget section */
		A653634624C6F25D008D8278 /* HomeWork3.1 */ = {
			isa = PBXNativeTarget;
			buildConfigurationList = A653635B24C6F260008D8278 /* Build configuration list for PBXNativeTarget "HomeWork3.1" */;
			buildPhases = (
				A653634324C6F25D008D8278 /* Sources */,
				A653634424C6F25D008D8278 /* Frameworks */,
				A653634524C6F25D008D8278 /* Resources */,
			);
			buildRules = (
			);
			dependencies = (
			);
			name = HomeWork3.1;
			productName = HomeWork3.1;
			productReference = A653634724C6F25D008D8278 /* HomeWork3.1.app */;
			productType = "com.apple.product-type.application";
		};
/* End PBXNativeTarget section */

/* Begin PBXProject section */
		A653633F24C6F25D008D8278 /* Project object */ = {
			isa = PBXProject;
			attributes = {
				LastSwiftUpdateCheck = 1160;
				LastUpgradeCheck = 1160;
				ORGANIZATIONNAME = "Alex Sander";
				TargetAttributes = {
					A653634624C6F25D008D8278 = {
						CreatedOnToolsVersion = 11.6;
					};
				};
			};
			buildConfigurationList = A653634224C6F25D008D8278 /* Build configuration list for PBXProject "HomeWork3.1" */;
			compatibilityVersion = "Xcode 9.3";
			developmentRegion = en;
			hasScannedForEncodings = 0;
			knownRegions = (
				en,
				Base,
			);
			mainGroup = A653633E24C6F25D008D8278;
			productRefGroup = A653634824C6F25D008D8278 /* Products */;
			projectDirPath = "";
			projectRoot = "";
			targets = (
				A653634624C6F25D008D8278 /* HomeWork3.1 */,
			);
		};
/* End PBXProject section */

/* Begin PBXResourcesBuildPhase section */
		A653634524C6F25D008D8278 /* Resources */ = {
			isa = PBXResourcesBuildPhase;
			buildActionMask = 2147483647;
			files = (
				A653635724C6F260008D8278 /* LaunchScreen.storyboard in Resources */,
				A653635424C6F260008D8278 /* Preview Assets.xcassets in Resources */,
				A653635124C6F260008D8278 /* Assets.xcassets in Resources */,
			);
			runOnlyForDeploymentPostprocessing = 0;
		};
/* End PBXResourcesBuildPhase section */

/* Begin PBXSourcesBuildPhase section */
		A653634324C6F25D008D8278 /* Sources */ = {
			isa = PBXSourcesBuildPhase;
			buildActionMask = 2147483647;
			files = (
				A653634B24C6F25D008D8278 /* AppDelegate.swift in Sources */,
				A653636124C70121008D8278 /* RoundedButton.swift in Sources */,
				A653635F24C6F6C0008D8278 /* ColorCircle.swift in Sources */,
				A653634D24C6F25D008D8278 /* SceneDelegate.swift in Sources */,
				A653634F24C6F25D008D8278 /* ContentView.swift in Sources */,
			);
			runOnlyForDeploymentPostprocessing = 0;
		};
/* End PBXSourcesBuildPhase section */

/* Begin PBXVariantGroup section */
		A653635524C6F260008D8278 /* LaunchScreen.storyboard */ = {
			isa = PBXVariantGroup;
			children = (
				A653635624C6F260008D8278 /* Base */,
			);
			name = LaunchScreen.storyboard;
			sourceTree = "<group>";
		};
/* End PBXVariantGroup section */

/* Begin XCBuildConfiguration section */
		A653635924C6F260008D8278 /* Debug */ = {
			isa = XCBuildConfiguration;
			buildSettings = {
				ALWAYS_SEARCH_USER_PATHS = NO;
				CLANG_ANALYZER_NONNULL = YES;
				CLANG_ANALYZER_NUMBER_OBJECT_CONVERSION = YES_AGGRESSIVE;
				CLANG_CXX_LANGUAGE_STANDARD = "gnu++14";
				CLANG_CXX_LIBRARY = "libc++";
				CLANG_ENABLE_MODULES = YES;
				CLANG_ENABLE_OBJC_ARC = YES;
				CLANG_ENABLE_OBJC_WEAK = YES;
				CLANG_WARN_BLOCK_CAPTURE_AUTORELEASING = YES;
				CLANG_WARN_BOOL_CONVERSION = YES;
				CLANG_WARN_COMMA = YES;
				CLANG_WARN_CONSTANT_CONVERSION = YES;
				CLANG_WARN_DEPRECATED_OBJC_IMPLEMENTATIONS = YES;
				CLANG_WARN_DIRECT_OBJC_ISA_USAGE = YES_ERROR;
				CLANG_WARN_DOCUMENTATION_COMMENTS = YES;
				CLANG_WARN_EMPTY_BODY = YES;
				CLANG_WARN_ENUM_CONVERSION = YES;
				CLANG_WARN_INFINITE_RECURSION = YES;
				CLANG_WARN_INT_CONVERSION = YES;
				CLANG_WARN_NON_LITERAL_NULL_CONVERSION = YES;
				CLANG_WARN_OBJC_IMPLICIT_RETAIN_SELF = YES;
				CLANG_WARN_OBJC_LITERAL_CONVERSION = YES;
				CLANG_WARN_OBJC_ROOT_CLASS = YES_ERROR;
				CLANG_WARN_RANGE_LOOP_ANALYSIS = YES;
				CLANG_WARN_STRICT_PROTOTYPES = YES;
				CLANG_WARN_SUSPICIOUS_MOVE = YES;
				CLANG_WARN_UNGUARDED_AVAILABILITY = YES_AGGRESSIVE;
				CLANG_WARN_UNREACHABLE_CODE = YES;
				CLANG_WARN__DUPLICATE_METHOD_MATCH = YES;
				COPY_PHASE_STRIP = NO;
				DEBUG_INFORMATION_FORMAT = dwarf;
				ENABLE_STRICT_OBJC_MSGSEND = YES;
				ENABLE_TESTABILITY = YES;
				GCC_C_LANGUAGE_STANDARD = gnu11;
				GCC_DYNAMIC_NO_PIC = NO;
				GCC_NO_COMMON_BLOCKS = YES;
				GCC_OPTIMIZATION_LEVEL = 0;
				GCC_PREPROCESSOR_DEFINITIONS = (
					"DEBUG=1",
					"$(inherited)",
				);
				GCC_WARN_64_TO_32_BIT_CONVERSION = YES;
				GCC_WARN_ABOUT_RETURN_TYPE = YES_ERROR;
				GCC_WARN_UNDECLARED_SELECTOR = YES;
				GCC_WARN_UNINITIALIZED_AUTOS = YES_AGGRESSIVE;
				GCC_WARN_UNUSED_FUNCTION = YES;
				GCC_WARN_UNUSED_VARIABLE = YES;
				IPHONEOS_DEPLOYMENT_TARGET = 13.6;
				MTL_ENABLE_DEBUG_INFO = INCLUDE_SOURCE;
				MTL_FAST_MATH = YES;
				ONLY_ACTIVE_ARCH = YES;
				SDKROOT = iphoneos;
				SWIFT_ACTIVE_COMPILATION_CONDITIONS = DEBUG;
				SWIFT_OPTIMIZATION_LEVEL = "-Onone";
			};
			name = Debug;
		};
		A653635A24C6F260008D8278 /* Release */ = {
			isa = XCBuildConfiguration;
			buildSettings = {
				ALWAYS_SEARCH_USER_PATHS = NO;
				CLANG_ANALYZER_NONNULL = YES;
				CLANG_ANALYZER_NUMBER_OBJECT_CONVERSION = YES_AGGRESSIVE;
				CLANG_CXX_LANGUAGE_STANDARD = "gnu++14";
				CLANG_CXX_LIBRARY = "libc++";
				CLANG_ENABLE_MODULES = YES;
				CLANG_ENABLE_OBJC_ARC = YES;
				CLANG_ENABLE_OBJC_WEAK = YES;
				CLANG_WARN_BLOCK_CAPTURE_AUTORELEASING = YES;
				CLANG_WARN_BOOL_CONVERSION = YES;
				CLANG_WARN_COMMA = YES;
				CLANG_WARN_CONSTANT_CONVERSION = YES;
				CLANG_WARN_DEPRECATED_OBJC_IMPLEMENTATIONS = YES;
				CLANG_WARN_DIRECT_OBJC_ISA_USAGE = YES_ERROR;
				CLANG_WARN_DOCUMENTATION_COMMENTS = YES;
				CLANG_WARN_EMPTY_BODY = YES;
				CLANG_WARN_ENUM_CONVERSION = YES;
				CLANG_WARN_INFINITE_RECURSION = YES;
				CLANG_WARN_INT_CONVERSION = YES;
				CLANG_WARN_NON_LITERAL_NULL_CONVERSION = YES;
				CLANG_WARN_OBJC_IMPLICIT_RETAIN_SELF = YES;
				CLANG_WARN_OBJC_LITERAL_CONVERSION = YES;
				CLANG_WARN_OBJC_ROOT_CLASS = YES_ERROR;
				CLANG_WARN_RANGE_LOOP_ANALYSIS = YES;
				CLANG_WARN_STRICT_PROTOTYPES = YES;
				CLANG_WARN_SUSPICIOUS_MOVE = YES;
				CLANG_WARN_UNGUARDED_AVAILABILITY = YES_AGGRESSIVE;
				CLANG_WARN_UNREACHABLE_CODE = YES;
				CLANG_WARN__DUPLICATE_METHOD_MATCH = YES;
				COPY_PHASE_STRIP = NO;
				DEBUG_INFORMATION_FORMAT = "dwarf-with-dsym";
				ENABLE_NS_ASSERTIONS = NO;
				ENABLE_STRICT_OBJC_MSGSEND = YES;
				GCC_C_LANGUAGE_STANDARD = gnu11;
				GCC_NO_COMMON_BLOCKS = YES;
				GCC_WARN_64_TO_32_BIT_CONVERSION = YES;
				GCC_WARN_ABOUT_RETURN_TYPE = YES_ERROR;
				GCC_WARN_UNDECLARED_SELECTOR = YES;
				GCC_WARN_UNINITIALIZED_AUTOS = YES_AGGRESSIVE;
				GCC_WARN_UNUSED_FUNCTION = YES;
				GCC_WARN_UNUSED_VARIABLE = YES;
				IPHONEOS_DEPLOYMENT_TARGET = 13.6;
				MTL_ENABLE_DEBUG_INFO = NO;
				MTL_FAST_MATH = YES;
				SDKROOT = iphoneos;
				SWIFT_COMPILATION_MODE = wholemodule;
				SWIFT_OPTIMIZATION_LEVEL = "-O";
				VALIDATE_PRODUCT = YES;
			};
			name = Release;
		};
		A653635C24C6F260008D8278 /* Debug */ = {
			isa = XCBuildConfiguration;
			buildSettings = {
				ASSETCATALOG_COMPILER_APPICON_NAME = AppIcon;
				CODE_SIGN_STYLE = Automatic;
				DEVELOPMENT_ASSET_PATHS = "\"HomeWork3.1/Preview Content\"";
				ENABLE_PREVIEWS = YES;
				INFOPLIST_FILE = HomeWork3.1/Info.plist;
				LD_RUNPATH_SEARCH_PATHS = (
					"$(inherited)",
					"@executable_path/Frameworks",
				);
				PRODUCT_BUNDLE_IDENTIFIER = "com.swiftbook.ru.HomeWork3-1";
				PRODUCT_NAME = "$(TARGET_NAME)";
				SWIFT_VERSION = 5.0;
				TARGETED_DEVICE_FAMILY = "1,2";
			};
			name = Debug;
		};
		A653635D24C6F260008D8278 /* Release */ = {
			isa = XCBuildConfiguration;
			buildSettings = {
				ASSETCATALOG_COMPILER_APPICON_NAME = AppIcon;
				CODE_SIGN_STYLE = Automatic;
				DEVELOPMENT_ASSET_PATHS = "\"HomeWork3.1/Preview Content\"";
				ENABLE_PREVIEWS = YES;
				INFOPLIST_FILE = HomeWork3.1/Info.plist;
				LD_RUNPATH_SEARCH_PATHS = (
					"$(inherited)",
					"@executable_path/Frameworks",
				);
				PRODUCT_BUNDLE_IDENTIFIER = "com.swiftbook.ru.HomeWork3-1";
				PRODUCT_NAME = "$(TARGET_NAME)";
				SWIFT_VERSION = 5.0;
				TARGETED_DEVICE_FAMILY = "1,2";
			};
			name = Release;
		};
/* End XCBuildConfiguration section */

/* Begin XCConfigurationList section */
		A653634224C6F25D008D8278 /* Build configuration list for PBXProject "HomeWork3.1" */ = {
			isa = XCConfigurationList;
			buildConfigurations = (
				A653635924C6F260008D8278 /* Debug */,
				A653635A24C6F260008D8278 /* Release */,
			);
			defaultConfigurationIsVisible = 0;
			defaultConfigurationName = Release;
		};
		A653635B24C6F260008D8278 /* Build configuration list for PBXNativeTarget "HomeWork3.1" */ = {
			isa = XCConfigurationList;
			buildConfigurations = (
				A653635C24C6F260008D8278 /* Debug */,
				A653635D24C6F260008D8278 /* Release */,
			);
			defaultConfigurationIsVisible = 0;
			defaultConfigurationName = Release;
		};
/* End XCConfigurationList section */
	};
	rootObject = A653633F24C6F25D008D8278 /* Project object */;
}
